// !$*UTF8*$!
{
	archiveVersion = 1;
	classes = {
	};
	objectVersion = 56;
	objects = {

/* Begin PBXBuildFile section */
		036D6C642C46DFBB00BC61D0 /* Question_AppApp.swift in Sources */ = {isa = PBXBuildFile; fileRef = 036D6C632C46DFBB00BC61D0 /* Question_AppApp.swift */; };
		036D6C662C46DFBB00BC61D0 /* ContentView.swift in Sources */ = {isa = PBXBuildFile; fileRef = 036D6C652C46DFBB00BC61D0 /* ContentView.swift */; };
		036D6C682C46DFBD00BC61D0 /* Assets.xcassets in Resources */ = {isa = PBXBuildFile; fileRef = 036D6C672C46DFBD00BC61D0 /* Assets.xcassets */; };
		036D6C6B2C46DFBD00BC61D0 /* Preview Assets.xcassets in Resources */ = {isa = PBXBuildFile; fileRef = 036D6C6A2C46DFBD00BC61D0 /* Preview Assets.xcassets */; };
		036D6C752C46DFBE00BC61D0 /* Question_AppTests.swift in Sources */ = {isa = PBXBuildFile; fileRef = 036D6C742C46DFBE00BC61D0 /* Question_AppTests.swift */; };
		036D6C7F2C46DFBE00BC61D0 /* Question_AppUITests.swift in Sources */ = {isa = PBXBuildFile; fileRef = 036D6C7E2C46DFBE00BC61D0 /* Question_AppUITests.swift */; };
		036D6C812C46DFBE00BC61D0 /* Question_AppUITestsLaunchTests.swift in Sources */ = {isa = PBXBuildFile; fileRef = 036D6C802C46DFBE00BC61D0 /* Question_AppUITestsLaunchTests.swift */; };
		036D6C8E2C46E28700BC61D0 /* firstQuestion.swift in Sources */ = {isa = PBXBuildFile; fileRef = 036D6C8D2C46E28700BC61D0 /* firstQuestion.swift */; };
		036D6C902C46E5ED00BC61D0 /* secondQuestion.swift in Sources */ = {isa = PBXBuildFile; fileRef = 036D6C8F2C46E5ED00BC61D0 /* secondQuestion.swift */; };
		036D6C922C46E5FC00BC61D0 /* thirdQuestion.swift in Sources */ = {isa = PBXBuildFile; fileRef = 036D6C912C46E5FC00BC61D0 /* thirdQuestion.swift */; };
		036D6C942C46E9F900BC61D0 /* endingScreen.swift in Sources */ = {isa = PBXBuildFile; fileRef = 036D6C932C46E9F800BC61D0 /* endingScreen.swift */; };
/* End PBXBuildFile section */

/* Begin PBXContainerItemProxy section */
		036D6C712C46DFBE00BC61D0 /* PBXContainerItemProxy */ = {
			isa = PBXContainerItemProxy;
			containerPortal = 036D6C582C46DFBB00BC61D0 /* Project object */;
			proxyType = 1;
			remoteGlobalIDString = 036D6C5F2C46DFBB00BC61D0;
			remoteInfo = "Question App";
		};
		036D6C7B2C46DFBE00BC61D0 /* PBXContainerItemProxy */ = {
			isa = PBXContainerItemProxy;
			containerPortal = 036D6C582C46DFBB00BC61D0 /* Project object */;
			proxyType = 1;
			remoteGlobalIDString = 036D6C5F2C46DFBB00BC61D0;
			remoteInfo = "Question App";
		};
/* End PBXContainerItemProxy section */

/* Begin PBXFileReference section */
		036D6C602C46DFBB00BC61D0 /* Question App.app */ = {isa = PBXFileReference; explicitFileType = wrapper.application; includeInIndex = 0; path = "Question App.app"; sourceTree = BUILT_PRODUCTS_DIR; };
		036D6C632C46DFBB00BC61D0 /* Question_AppApp.swift */ = {isa = PBXFileReference; lastKnownFileType = sourcecode.swift; path = Question_AppApp.swift; sourceTree = "<group>"; };
		036D6C652C46DFBB00BC61D0 /* ContentView.swift */ = {isa = PBXFileReference; lastKnownFileType = sourcecode.swift; path = ContentView.swift; sourceTree = "<group>"; };
		036D6C672C46DFBD00BC61D0 /* Assets.xcassets */ = {isa = PBXFileReference; lastKnownFileType = folder.assetcatalog; path = Assets.xcassets; sourceTree = "<group>"; };
		036D6C6A2C46DFBD00BC61D0 /* Preview Assets.xcassets */ = {isa = PBXFileReference; lastKnownFileType = folder.assetcatalog; path = "Preview Assets.xcassets"; sourceTree = "<group>"; };
		036D6C702C46DFBE00BC61D0 /* Question AppTests.xctest */ = {isa = PBXFileReference; explicitFileType = wrapper.cfbundle; includeInIndex = 0; path = "Question AppTests.xctest"; sourceTree = BUILT_PRODUCTS_DIR; };
		036D6C742C46DFBE00BC61D0 /* Question_AppTests.swift */ = {isa = PBXFileReference; lastKnownFileType = sourcecode.swift; path = Question_AppTests.swift; sourceTree = "<group>"; };
		036D6C7A2C46DFBE00BC61D0 /* Question AppUITests.xctest */ = {isa = PBXFileReference; explicitFileType = wrapper.cfbundle; includeInIndex = 0; path = "Question AppUITests.xctest"; sourceTree = BUILT_PRODUCTS_DIR; };
		036D6C7E2C46DFBE00BC61D0 /* Question_AppUITests.swift */ = {isa = PBXFileReference; lastKnownFileType = sourcecode.swift; path = Question_AppUITests.swift; sourceTree = "<group>"; };
		036D6C802C46DFBE00BC61D0 /* Question_AppUITestsLaunchTests.swift */ = {isa = PBXFileReference; lastKnownFileType = sourcecode.swift; path = Question_AppUITestsLaunchTests.swift; sourceTree = "<group>"; };
		036D6C8D2C46E28700BC61D0 /* firstQuestion.swift */ = {isa = PBXFileReference; lastKnownFileType = sourcecode.swift; path = firstQuestion.swift; sourceTree = "<group>"; };
		036D6C8F2C46E5ED00BC61D0 /* secondQuestion.swift */ = {isa = PBXFileReference; lastKnownFileType = sourcecode.swift; path = secondQuestion.swift; sourceTree = "<group>"; };
		036D6C912C46E5FC00BC61D0 /* thirdQuestion.swift */ = {isa = PBXFileReference; lastKnownFileType = sourcecode.swift; path = thirdQuestion.swift; sourceTree = "<group>"; };
		036D6C932C46E9F800BC61D0 /* endingScreen.swift */ = {isa = PBXFileReference; lastKnownFileType = sourcecode.swift; path = endingScreen.swift; sourceTree = "<group>"; };
/* End PBXFileReference section */

/* Begin PBXFrameworksBuildPhase section */
		036D6C5D2C46DFBB00BC61D0 /* Frameworks */ = {
			isa = PBXFrameworksBuildPhase;
			buildActionMask = 2147483647;
			files = (
			);
			runOnlyForDeploymentPostprocessing = 0;
		};
		036D6C6D2C46DFBE00BC61D0 /* Frameworks */ = {
			isa = PBXFrameworksBuildPhase;
			buildActionMask = 2147483647;
			files = (
			);
			runOnlyForDeploymentPostprocessing = 0;
		};
		036D6C772C46DFBE00BC61D0 /* Frameworks */ = {
			isa = PBXFrameworksBuildPhase;
			buildActionMask = 2147483647;
			files = (
			);
			runOnlyForDeploymentPostprocessing = 0;
		};
/* End PBXFrameworksBuildPhase section */

/* Begin PBXGroup section */
		036D6C572C46DFBB00BC61D0 = {
			isa = PBXGroup;
			children = (
				036D6C622C46DFBB00BC61D0 /* Question App */,
				036D6C732C46DFBE00BC61D0 /* Question AppTests */,
				036D6C7D2C46DFBE00BC61D0 /* Question AppUITests */,
				036D6C612C46DFBB00BC61D0 /* Products */,
			);
			sourceTree = "<group>";
		};
		036D6C612C46DFBB00BC61D0 /* Products */ = {
			isa = PBXGroup;
			children = (
				036D6C602C46DFBB00BC61D0 /* Question App.app */,
				036D6C702C46DFBE00BC61D0 /* Question AppTests.xctest */,
				036D6C7A2C46DFBE00BC61D0 /* Question AppUITests.xctest */,
			);
			name = Products;
			sourceTree = "<group>";
		};
		036D6C622C46DFBB00BC61D0 /* Question App */ = {
			isa = PBXGroup;
			children = (
				036D6C632C46DFBB00BC61D0 /* Question_AppApp.swift */,
				036D6C652C46DFBB00BC61D0 /* ContentView.swift */,
				036D6C8D2C46E28700BC61D0 /* firstQuestion.swift */,
				036D6C8F2C46E5ED00BC61D0 /* secondQuestion.swift */,
				036D6C912C46E5FC00BC61D0 /* thirdQuestion.swift */,
				036D6C932C46E9F800BC61D0 /* endingScreen.swift */,
				036D6C672C46DFBD00BC61D0 /* Assets.xcassets */,
				036D6C692C46DFBD00BC61D0 /* Preview Content */,
			);
			path = "Question App";
			sourceTree = "<group>";
		};
		036D6C692C46DFBD00BC61D0 /* Preview Content */ = {
			isa = PBXGroup;
			children = (
				036D6C6A2C46DFBD00BC61D0 /* Preview Assets.xcassets */,
			);
			path = "Preview Content";
			sourceTree = "<group>";
		};
		036D6C732C46DFBE00BC61D0 /* Question AppTests */ = {
			isa = PBXGroup;
			children = (
				036D6C742C46DFBE00BC61D0 /* Question_AppTests.swift */,
			);
			path = "Question AppTests";
			sourceTree = "<group>";
		};
		036D6C7D2C46DFBE00BC61D0 /* Question AppUITests */ = {
			isa = PBXGroup;
			children = (
				036D6C7E2C46DFBE00BC61D0 /* Question_AppUITests.swift */,
				036D6C802C46DFBE00BC61D0 /* Question_AppUITestsLaunchTests.swift */,
			);
			path = "Question AppUITests";
			sourceTree = "<group>";
		};
/* End PBXGroup section */

/* Begin PBXNativeTarget section */
		036D6C5F2C46DFBB00BC61D0 /* Question App */ = {
			isa = PBXNativeTarget;
			buildConfigurationList = 036D6C842C46DFBE00BC61D0 /* Build configuration list for PBXNativeTarget "Question App" */;
			buildPhases = (
				036D6C5C2C46DFBB00BC61D0 /* Sources */,
				036D6C5D2C46DFBB00BC61D0 /* Frameworks */,
				036D6C5E2C46DFBB00BC61D0 /* Resources */,
			);
			buildRules = (
			);
			dependencies = (
			);
			name = "Question App";
			productName = "Question App";
			productReference = 036D6C602C46DFBB00BC61D0 /* Question App.app */;
			productType = "com.apple.product-type.application";
		};
		036D6C6F2C46DFBE00BC61D0 /* Question AppTests */ = {
			isa = PBXNativeTarget;
			buildConfigurationList = 036D6C872C46DFBE00BC61D0 /* Build configuration list for PBXNativeTarget "Question AppTests" */;
			buildPhases = (
				036D6C6C2C46DFBE00BC61D0 /* Sources */,
				036D6C6D2C46DFBE00BC61D0 /* Frameworks */,
				036D6C6E2C46DFBE00BC61D0 /* Resources */,
			);
			buildRules = (
			);
			dependencies = (
				036D6C722C46DFBE00BC61D0 /* PBXTargetDependency */,
			);
			name = "Question AppTests";
			productName = "Question AppTests";
			productReference = 036D6C702C46DFBE00BC61D0 /* Question AppTests.xctest */;
			productType = "com.apple.product-type.bundle.unit-test";
		};
		036D6C792C46DFBE00BC61D0 /* Question AppUITests */ = {
			isa = PBXNativeTarget;
			buildConfigurationList = 036D6C8A2C46DFBE00BC61D0 /* Build configuration list for PBXNativeTarget "Question AppUITests" */;
			buildPhases = (
				036D6C762C46DFBE00BC61D0 /* Sources */,
				036D6C772C46DFBE00BC61D0 /* Frameworks */,
				036D6C782C46DFBE00BC61D0 /* Resources */,
			);
			buildRules = (
			);
			dependencies = (
				036D6C7C2C46DFBE00BC61D0 /* PBXTargetDependency */,
			);
			name = "Question AppUITests";
			productName = "Question AppUITests";
			productReference = 036D6C7A2C46DFBE00BC61D0 /* Question AppUITests.xctest */;
			productType = "com.apple.product-type.bundle.ui-testing";
		};
/* End PBXNativeTarget section */

/* Begin PBXProject section */
		036D6C582C46DFBB00BC61D0 /* Project object */ = {
			isa = PBXProject;
			attributes = {
				BuildIndependentTargetsInParallel = 1;
				LastSwiftUpdateCheck = 1540;
				LastUpgradeCheck = 1540;
				TargetAttributes = {
					036D6C5F2C46DFBB00BC61D0 = {
						CreatedOnToolsVersion = 15.4;
					};
					036D6C6F2C46DFBE00BC61D0 = {
						CreatedOnToolsVersion = 15.4;
						TestTargetID = 036D6C5F2C46DFBB00BC61D0;
					};
					036D6C792C46DFBE00BC61D0 = {
						CreatedOnToolsVersion = 15.4;
						TestTargetID = 036D6C5F2C46DFBB00BC61D0;
					};
				};
			};
			buildConfigurationList = 036D6C5B2C46DFBB00BC61D0 /* Build configuration list for PBXProject "Question App" */;
			compatibilityVersion = "Xcode 14.0";
			developmentRegion = en;
			hasScannedForEncodings = 0;
			knownRegions = (
				en,
				Base,
			);
			mainGroup = 036D6C572C46DFBB00BC61D0;
			productRefGroup = 036D6C612C46DFBB00BC61D0 /* Products */;
			projectDirPath = "";
			projectRoot = "";
			targets = (
				036D6C5F2C46DFBB00BC61D0 /* Question App */,
				036D6C6F2C46DFBE00BC61D0 /* Question AppTests */,
				036D6C792C46DFBE00BC61D0 /* Question AppUITests */,
			);
		};
/* End PBXProject section */

/* Begin PBXResourcesBuildPhase section */
		036D6C5E2C46DFBB00BC61D0 /* Resources */ = {
			isa = PBXResourcesBuildPhase;
			buildActionMask = 2147483647;
			files = (
				036D6C6B2C46DFBD00BC61D0 /* Preview Assets.xcassets in Resources */,
				036D6C682C46DFBD00BC61D0 /* Assets.xcassets in Resources */,
			);
			runOnlyForDeploymentPostprocessing = 0;
		};
		036D6C6E2C46DFBE00BC61D0 /* Resources */ = {
			isa = PBXResourcesBuildPhase;
			buildActionMask = 2147483647;
			files = (
			);
			runOnlyForDeploymentPostprocessing = 0;
		};
		036D6C782C46DFBE00BC61D0 /* Resources */ = {
			isa = PBXResourcesBuildPhase;
			buildActionMask = 2147483647;
			files = (
			);
			runOnlyForDeploymentPostprocessing = 0;
		};
/* End PBXResourcesBuildPhase section */

/* Begin PBXSourcesBuildPhase section */
		036D6C5C2C46DFBB00BC61D0 /* Sources */ = {
			isa = PBXSourcesBuildPhase;
			buildActionMask = 2147483647;
			files = (
				036D6C662C46DFBB00BC61D0 /* ContentView.swift in Sources */,
				036D6C8E2C46E28700BC61D0 /* firstQuestion.swift in Sources */,
				036D6C942C46E9F900BC61D0 /* endingScreen.swift in Sources */,
				036D6C642C46DFBB00BC61D0 /* Question_AppApp.swift in Sources */,
				036D6C922C46E5FC00BC61D0 /* thirdQuestion.swift in Sources */,
				036D6C902C46E5ED00BC61D0 /* secondQuestion.swift in Sources */,
			);
			runOnlyForDeploymentPostprocessing = 0;
		};
		036D6C6C2C46DFBE00BC61D0 /* Sources */ = {
			isa = PBXSourcesBuildPhase;
			buildActionMask = 2147483647;
			files = (
				036D6C752C46DFBE00BC61D0 /* Question_AppTests.swift in Sources */,
			);
			runOnlyForDeploymentPostprocessing = 0;
		};
		036D6C762C46DFBE00BC61D0 /* Sources */ = {
			isa = PBXSourcesBuildPhase;
			buildActionMask = 2147483647;
			files = (
				036D6C812C46DFBE00BC61D0 /* Question_AppUITestsLaunchTests.swift in Sources */,
				036D6C7F2C46DFBE00BC61D0 /* Question_AppUITests.swift in Sources */,
			);
			runOnlyForDeploymentPostprocessing = 0;
		};
/* End PBXSourcesBuildPhase section */

/* Begin PBXTargetDependency section */
		036D6C722C46DFBE00BC61D0 /* PBXTargetDependency */ = {
			isa = PBXTargetDependency;
			target = 036D6C5F2C46DFBB00BC61D0 /* Question App */;
			targetProxy = 036D6C712C46DFBE00BC61D0 /* PBXContainerItemProxy */;
		};
		036D6C7C2C46DFBE00BC61D0 /* PBXTargetDependency */ = {
			isa = PBXTargetDependency;
			target = 036D6C5F2C46DFBB00BC61D0 /* Question App */;
			targetProxy = 036D6C7B2C46DFBE00BC61D0 /* PBXContainerItemProxy */;
		};
/* End PBXTargetDependency section */

/* Begin XCBuildConfiguration section */
		036D6C822C46DFBE00BC61D0 /* Debug */ = {
			isa = XCBuildConfiguration;
			buildSettings = {
				ALWAYS_SEARCH_USER_PATHS = NO;
				ASSETCATALOG_COMPILER_GENERATE_SWIFT_ASSET_SYMBOL_EXTENSIONS = YES;
				CLANG_ANALYZER_NONNULL = YES;
				CLANG_ANALYZER_NUMBER_OBJECT_CONVERSION = YES_AGGRESSIVE;
				CLANG_CXX_LANGUAGE_STANDARD = "gnu++20";
				CLANG_ENABLE_MODULES = YES;
				CLANG_ENABLE_OBJC_ARC = YES;
				CLANG_ENABLE_OBJC_WEAK = YES;
				CLANG_WARN_BLOCK_CAPTURE_AUTORELEASING = YES;
				CLANG_WARN_BOOL_CONVERSION = YES;
				CLANG_WARN_COMMA = YES;
				CLANG_WARN_CONSTANT_CONVERSION = YES;
				CLANG_WARN_DEPRECATED_OBJC_IMPLEMENTATIONS = YES;
				CLANG_WARN_DIRECT_OBJC_ISA_USAGE = YES_ERROR;
				CLANG_WARN_DOCUMENTATION_COMMENTS = YES;
				CLANG_WARN_EMPTY_BODY = YES;
				CLANG_WARN_ENUM_CONVERSION = YES;
				CLANG_WARN_INFINITE_RECURSION = YES;
				CLANG_WARN_INT_CONVERSION = YES;
				CLANG_WARN_NON_LITERAL_NULL_CONVERSION = YES;
				CLANG_WARN_OBJC_IMPLICIT_RETAIN_SELF = YES;
				CLANG_WARN_OBJC_LITERAL_CONVERSION = YES;
				CLANG_WARN_OBJC_ROOT_CLASS = YES_ERROR;
				CLANG_WARN_QUOTED_INCLUDE_IN_FRAMEWORK_HEADER = YES;
				CLANG_WARN_RANGE_LOOP_ANALYSIS = YES;
				CLANG_WARN_STRICT_PROTOTYPES = YES;
				CLANG_WARN_SUSPICIOUS_MOVE = YES;
				CLANG_WARN_UNGUARDED_AVAILABILITY = YES_AGGRESSIVE;
				CLANG_WARN_UNREACHABLE_CODE = YES;
				CLANG_WARN__DUPLICATE_METHOD_MATCH = YES;
				COPY_PHASE_STRIP = NO;
				DEBUG_INFORMATION_FORMAT = dwarf;
				ENABLE_STRICT_OBJC_MSGSEND = YES;
				ENABLE_TESTABILITY = YES;
				ENABLE_USER_SCRIPT_SANDBOXING = YES;
				GCC_C_LANGUAGE_STANDARD = gnu17;
				GCC_DYNAMIC_NO_PIC = NO;
				GCC_NO_COMMON_BLOCKS = YES;
				GCC_OPTIMIZATION_LEVEL = 0;
				GCC_PREPROCESSOR_DEFINITIONS = (
					"DEBUG=1",
					"$(inherited)",
				);
				GCC_WARN_64_TO_32_BIT_CONVERSION = YES;
				GCC_WARN_ABOUT_RETURN_TYPE = YES_ERROR;
				GCC_WARN_UNDECLARED_SELECTOR = YES;
				GCC_WARN_UNINITIALIZED_AUTOS = YES_AGGRESSIVE;
				GCC_WARN_UNUSED_FUNCTION = YES;
				GCC_WARN_UNUSED_VARIABLE = YES;
				IPHONEOS_DEPLOYMENT_TARGET = 17.5;
				LOCALIZATION_PREFERS_STRING_CATALOGS = YES;
				MTL_ENABLE_DEBUG_INFO = INCLUDE_SOURCE;
				MTL_FAST_MATH = YES;
				ONLY_ACTIVE_ARCH = YES;
				SDKROOT = iphoneos;
				SWIFT_ACTIVE_COMPILATION_CONDITIONS = "DEBUG $(inherited)";
				SWIFT_OPTIMIZATION_LEVEL = "-Onone";
			};
			name = Debug;
		};
		036D6C832C46DFBE00BC61D0 /* Release */ = {
			isa = XCBuildConfiguration;
			buildSettings = {
				ALWAYS_SEARCH_USER_PATHS = NO;
				ASSETCATALOG_COMPILER_GENERATE_SWIFT_ASSET_SYMBOL_EXTENSIONS = YES;
				CLANG_ANALYZER_NONNULL = YES;
				CLANG_ANALYZER_NUMBER_OBJECT_CONVERSION = YES_AGGRESSIVE;
				CLANG_CXX_LANGUAGE_STANDARD = "gnu++20";
				CLANG_ENABLE_MODULES = YES;
				CLANG_ENABLE_OBJC_ARC = YES;
				CLANG_ENABLE_OBJC_WEAK = YES;
				CLANG_WARN_BLOCK_CAPTURE_AUTORELEASING = YES;
				CLANG_WARN_BOOL_CONVERSION = YES;
				CLANG_WARN_COMMA = YES;
				CLANG_WARN_CONSTANT_CONVERSION = YES;
				CLANG_WARN_DEPRECATED_OBJC_IMPLEMENTATIONS = YES;
				CLANG_WARN_DIRECT_OBJC_ISA_USAGE = YES_ERROR;
				CLANG_WARN_DOCUMENTATION_COMMENTS = YES;
				CLANG_WARN_EMPTY_BODY = YES;
				CLANG_WARN_ENUM_CONVERSION = YES;
				CLANG_WARN_INFINITE_RECURSION = YES;
				CLANG_WARN_INT_CONVERSION = YES;
				CLANG_WARN_NON_LITERAL_NULL_CONVERSION = YES;
				CLANG_WARN_OBJC_IMPLICIT_RETAIN_SELF = YES;
				CLANG_WARN_OBJC_LITERAL_CONVERSION = YES;
				CLANG_WARN_OBJC_ROOT_CLASS = YES_ERROR;
				CLANG_WARN_QUOTED_INCLUDE_IN_FRAMEWORK_HEADER = YES;
				CLANG_WARN_RANGE_LOOP_ANALYSIS = YES;
				CLANG_WARN_STRICT_PROTOTYPES = YES;
				CLANG_WARN_SUSPICIOUS_MOVE = YES;
				CLANG_WARN_UNGUARDED_AVAILABILITY = YES_AGGRESSIVE;
				CLANG_WARN_UNREACHABLE_CODE = YES;
				CLANG_WARN__DUPLICATE_METHOD_MATCH = YES;
				COPY_PHASE_STRIP = NO;
				DEBUG_INFORMATION_FORMAT = "dwarf-with-dsym";
				ENABLE_NS_ASSERTIONS = NO;
				ENABLE_STRICT_OBJC_MSGSEND = YES;
				ENABLE_USER_SCRIPT_SANDBOXING = YES;
				GCC_C_LANGUAGE_STANDARD = gnu17;
				GCC_NO_COMMON_BLOCKS = YES;
				GCC_WARN_64_TO_32_BIT_CONVERSION = YES;
				GCC_WARN_ABOUT_RETURN_TYPE = YES_ERROR;
				GCC_WARN_UNDECLARED_SELECTOR = YES;
				GCC_WARN_UNINITIALIZED_AUTOS = YES_AGGRESSIVE;
				GCC_WARN_UNUSED_FUNCTION = YES;
				GCC_WARN_UNUSED_VARIABLE = YES;
				IPHONEOS_DEPLOYMENT_TARGET = 17.5;
				LOCALIZATION_PREFERS_STRING_CATALOGS = YES;
				MTL_ENABLE_DEBUG_INFO = NO;
				MTL_FAST_MATH = YES;
				SDKROOT = iphoneos;
				SWIFT_COMPILATION_MODE = wholemodule;
				VALIDATE_PRODUCT = YES;
			};
			name = Release;
		};
		036D6C852C46DFBE00BC61D0 /* Debug */ = {
			isa = XCBuildConfiguration;
			buildSettings = {
				ASSETCATALOG_COMPILER_APPICON_NAME = AppIcon;
				ASSETCATALOG_COMPILER_GLOBAL_ACCENT_COLOR_NAME = AccentColor;
				CODE_SIGN_STYLE = Automatic;
				CURRENT_PROJECT_VERSION = 1;
				DEVELOPMENT_ASSET_PATHS = "\"Question App/Preview Content\"";
				ENABLE_PREVIEWS = YES;
				GENERATE_INFOPLIST_FILE = YES;
				INFOPLIST_KEY_UIApplicationSceneManifest_Generation = YES;
				INFOPLIST_KEY_UIApplicationSupportsIndirectInputEvents = YES;
				INFOPLIST_KEY_UILaunchScreen_Generation = YES;
				INFOPLIST_KEY_UISupportedInterfaceOrientations_iPad = "UIInterfaceOrientationPortrait UIInterfaceOrientationPortraitUpsideDown UIInterfaceOrientationLandscapeLeft UIInterfaceOrientationLandscapeRight";
				INFOPLIST_KEY_UISupportedInterfaceOrientations_iPhone = "UIInterfaceOrientationPortrait UIInterfaceOrientationLandscapeLeft UIInterfaceOrientationLandscapeRight";
				LD_RUNPATH_SEARCH_PATHS = (
					"$(inherited)",
					"@executable_path/Frameworks",
				);
				MARKETING_VERSION = 1.0;
				PRODUCT_BUNDLE_IDENTIFIER = "test-projects--kwk-.Question-App";
				PRODUCT_NAME = "$(TARGET_NAME)";
				SWIFT_EMIT_LOC_STRINGS = YES;
				SWIFT_VERSION = 5.0;
				TARGETED_DEVICE_FAMILY = "1,2";
			};
			name = Debug;
		};
		036D6C862C46DFBE00BC61D0 /* Release */ = {
			isa = XCBuildConfiguration;
			buildSettings = {
				ASSETCATALOG_COMPILER_APPICON_NAME = AppIcon;
				ASSETCATALOG_COMPILER_GLOBAL_ACCENT_COLOR_NAME = AccentColor;
				CODE_SIGN_STYLE = Automatic;
				CURRENT_PROJECT_VERSION = 1;
				DEVELOPMENT_ASSET_PATHS = "\"Question App/Preview Content\"";
				ENABLE_PREVIEWS = YES;
				GENERATE_INFOPLIST_FILE = YES;
				INFOPLIST_KEY_UIApplicationSceneManifest_Generation = YES;
				INFOPLIST_KEY_UIApplicationSupportsIndirectInputEvents = YES;
				INFOPLIST_KEY_UILaunchScreen_Generation = YES;
				INFOPLIST_KEY_UISupportedInterfaceOrientations_iPad = "UIInterfaceOrientationPortrait UIInterfaceOrientationPortraitUpsideDown UIInterfaceOrientationLandscapeLeft UIInterfaceOrientationLandscapeRight";
				INFOPLIST_KEY_UISupportedInterfaceOrientations_iPhone = "UIInterfaceOrientationPortrait UIInterfaceOrientationLandscapeLeft UIInterfaceOrientationLandscapeRight";
				LD_RUNPATH_SEARCH_PATHS = (
					"$(inherited)",
					"@executable_path/Frameworks",
				);
				MARKETING_VERSION = 1.0;
				PRODUCT_BUNDLE_IDENTIFIER = "test-projects--kwk-.Question-App";
				PRODUCT_NAME = "$(TARGET_NAME)";
				SWIFT_EMIT_LOC_STRINGS = YES;
				SWIFT_VERSION = 5.0;
				TARGETED_DEVICE_FAMILY = "1,2";
			};
			name = Release;
		};
		036D6C882C46DFBE00BC61D0 /* Debug */ = {
			isa = XCBuildConfiguration;
			buildSettings = {
				ALWAYS_EMBED_SWIFT_STANDARD_LIBRARIES = YES;
				BUNDLE_LOADER = "$(TEST_HOST)";
				CODE_SIGN_STYLE = Automatic;
				CURRENT_PROJECT_VERSION = 1;
				GENERATE_INFOPLIST_FILE = YES;
				IPHONEOS_DEPLOYMENT_TARGET = 17.5;
				MARKETING_VERSION = 1.0;
				PRODUCT_BUNDLE_IDENTIFIER = "test-projects--kwk-.Question-AppTests";
				PRODUCT_NAME = "$(TARGET_NAME)";
				SWIFT_EMIT_LOC_STRINGS = NO;
				SWIFT_VERSION = 5.0;
				TARGETED_DEVICE_FAMILY = "1,2";
				TEST_HOST = "$(BUILT_PRODUCTS_DIR)/Question App.app/$(BUNDLE_EXECUTABLE_FOLDER_PATH)/Question App";
			};
			name = Debug;
		};
		036D6C892C46DFBE00BC61D0 /* Release */ = {
			isa = XCBuildConfiguration;
			buildSettings = {
				ALWAYS_EMBED_SWIFT_STANDARD_LIBRARIES = YES;
				BUNDLE_LOADER = "$(TEST_HOST)";
				CODE_SIGN_STYLE = Automatic;
				CURRENT_PROJECT_VERSION = 1;
				GENERATE_INFOPLIST_FILE = YES;
				IPHONEOS_DEPLOYMENT_TARGET = 17.5;
				MARKETING_VERSION = 1.0;
				PRODUCT_BUNDLE_IDENTIFIER = "test-projects--kwk-.Question-AppTests";
				PRODUCT_NAME = "$(TARGET_NAME)";
				SWIFT_EMIT_LOC_STRINGS = NO;
				SWIFT_VERSION = 5.0;
				TARGETED_DEVICE_FAMILY = "1,2";
				TEST_HOST = "$(BUILT_PRODUCTS_DIR)/Question App.app/$(BUNDLE_EXECUTABLE_FOLDER_PATH)/Question App";
			};
			name = Release;
		};
		036D6C8B2C46DFBE00BC61D0 /* Debug */ = {
			isa = XCBuildConfiguration;
			buildSettings = {
				ALWAYS_EMBED_SWIFT_STANDARD_LIBRARIES = YES;
				CODE_SIGN_STYLE = Automatic;
				CURRENT_PROJECT_VERSION = 1;
				GENERATE_INFOPLIST_FILE = YES;
				MARKETING_VERSION = 1.0;
				PRODUCT_BUNDLE_IDENTIFIER = "test-projects--kwk-.Question-AppUITests";
				PRODUCT_NAME = "$(TARGET_NAME)";
				SWIFT_EMIT_LOC_STRINGS = NO;
				SWIFT_VERSION = 5.0;
				TARGETED_DEVICE_FAMILY = "1,2";
				TEST_TARGET_NAME = "Question App";
			};
			name = Debug;
		};
		036D6C8C2C46DFBE00BC61D0 /* Release */ = {
			isa = XCBuildConfiguration;
			buildSettings = {
				ALWAYS_EMBED_SWIFT_STANDARD_LIBRARIES = YES;
				CODE_SIGN_STYLE = Automatic;
				CURRENT_PROJECT_VERSION = 1;
				GENERATE_INFOPLIST_FILE = YES;
				MARKETING_VERSION = 1.0;
				PRODUCT_BUNDLE_IDENTIFIER = "test-projects--kwk-.Question-AppUITests";
				PRODUCT_NAME = "$(TARGET_NAME)";
				SWIFT_EMIT_LOC_STRINGS = NO;
				SWIFT_VERSION = 5.0;
				TARGETED_DEVICE_FAMILY = "1,2";
				TEST_TARGET_NAME = "Question App";
			};
			name = Release;
		};
/* End XCBuildConfiguration section */

/* Begin XCConfigurationList section */
		036D6C5B2C46DFBB00BC61D0 /* Build configuration list for PBXProject "Question App" */ = {
			isa = XCConfigurationList;
			buildConfigurations = (
				036D6C822C46DFBE00BC61D0 /* Debug */,
				036D6C832C46DFBE00BC61D0 /* Release */,
			);
			defaultConfigurationIsVisible = 0;
			defaultConfigurationName = Release;
		};
		036D6C842C46DFBE00BC61D0 /* Build configuration list for PBXNativeTarget "Question App" */ = {
			isa = XCConfigurationList;
			buildConfigurations = (
				036D6C852C46DFBE00BC61D0 /* Debug */,
				036D6C862C46DFBE00BC61D0 /* Release */,
			);
			defaultConfigurationIsVisible = 0;
			defaultConfigurationName = Release;
		};
		036D6C872C46DFBE00BC61D0 /* Build configuration list for PBXNativeTarget "Question AppTests" */ = {
			isa = XCConfigurationList;
			buildConfigurations = (
				036D6C882C46DFBE00BC61D0 /* Debug */,
				036D6C892C46DFBE00BC61D0 /* Release */,
			);
			defaultConfigurationIsVisible = 0;
			defaultConfigurationName = Release;
		};
		036D6C8A2C46DFBE00BC61D0 /* Build configuration list for PBXNativeTarget "Question AppUITests" */ = {
			isa = XCConfigurationList;
			buildConfigurations = (
				036D6C8B2C46DFBE00BC61D0 /* Debug */,
				036D6C8C2C46DFBE00BC61D0 /* Release */,
			);
			defaultConfigurationIsVisible = 0;
			defaultConfigurationName = Release;
		};
/* End XCConfigurationList section */
	};
	rootObject = 036D6C582C46DFBB00BC61D0 /* Project object */;
}
